
Microsoft Visual Studio Solution File, Format Version 12.00
# Visual Studio 15
VisualStudioVersion = 15.0.28307.329
MinimumVisualStudioVersion = 10.0.40219.1
Project("{FAE04EC0-301F-11D3-BF4B-00C04F79EFBC}") = "GoToImplementation", "GoToImplementation\GoToImplementation.csproj", "{B1F23C37-99BE-45B7-9366-3D5533C83FE9}"
EndProject
Global
	GlobalSection(SolutionConfigurationPlatforms) = preSolution
		Debug|Any CPU = Debug|Any CPU
		Release|Any CPU = Release|Any CPU
	EndGlobalSection
	GlobalSection(ProjectConfigurationPlatforms) = postSolution
		{B1F23C37-99BE-45B7-9366-3D5533C83FE9}.Debug|Any CPU.ActiveCfg = Debug|Any CPU
		{B1F23C37-99BE-45B7-9366-3D5533C83FE9}.Debug|Any CPU.Build.0 = Debug|Any CPU
		{B1F23C37-99BE-45B7-9366-3D5533C83FE9}.Release|Any CPU.ActiveCfg = Release|Any CPU
		{B1F23C37-99BE-45B7-9366-3D5533C83FE9}.Release|Any CPU.Build.0 = Release|Any CPU
	EndGlobalSection
	GlobalSection(SolutionProperties) = preSolution
		HideSolutionNode = FALSE
	EndGlobalSection
	GlobalSection(ExtensibilityGlobals) = postSolution
		SolutionGuid = {27E1A401-516B-49ED-9CA5-F2693B3B376C}
	EndGlobalSection
EndGlobal
